{
  "name": "travel-experts-project",
  "version": "1.0.0",
  "lockfileVersion": 2,
  "requires": true,
  "packages": {
    "": {
      "name": "travel-experts-project",
      "version": "1.0.0",
      "license": "ISC",
      "dependencies": {
        "load-svg-file": "^1.0.8"
      }
    },
    "node_modules/load-svg-file": {
      "version": "1.0.8",
      "resolved": "https://registry.npmjs.org/load-svg-file/-/load-svg-file-1.0.8.tgz",
      "integrity": "sha512-3r27YXVp5GGjs0gxU/MIu2X0sdx5rSN0i5prNBb/lfm5KpMrgCckKXCx22KQFtWoBB4WapGks0d4LaXQl926Bw=="
    }
  },
  "dependencies": {
    "load-svg-file": {
      "version": "1.0.8",
      "resolved": "https://registry.npmjs.org/load-svg-file/-/load-svg-file-1.0.8.tgz",
      "integrity": "sha512-3r27YXVp5GGjs0gxU/MIu2X0sdx5rSN0i5prNBb/lfm5KpMrgCckKXCx22KQFtWoBB4WapGks0d4LaXQl926Bw=="
    }
  }
}
